
Microsoft Visual Studio Solution File, Format Version 12.00
# Visual Studio 15
VisualStudioVersion = 15.0.28307.1022
MinimumVisualStudioVersion = 10.0.40219.1
Project("{8BC9CEB8-8B4A-11D0-8D11-00A0C91BC942}") = "LearnGL", "LearnGL.vcxproj", "{D0635B41-F266-41C2-8E1A-41E259F45C56}"
EndProject
Global
	GlobalSection(SolutionConfigurationPlatforms) = preSolution
		Debug|Win32 = Debug|Win32
		Release|Win32 = Release|Win32
	EndGlobalSection
	GlobalSection(ProjectConfigurationPlatforms) = postSolution
		{D0635B41-F266-41C2-8E1A-41E259F45C56}.Debug|Win32.ActiveCfg = Debug|Win32
		{D0635B41-F266-41C2-8E1A-41E259F45C56}.Debug|Win32.Build.0 = Debug|Win32
		{D0635B41-F266-41C2-8E1A-41E259F45C56}.Release|Win32.ActiveCfg = Release|Win32
		{D0635B41-F266-41C2-8E1A-41E259F45C56}.Release|Win32.Build.0 = Release|Win32
	EndGlobalSection
	GlobalSection(SolutionProperties) = preSolution
		HideSolutionNode = FALSE
	EndGlobalSection
	GlobalSection(ExtensibilityGlobals) = postSolution
		SolutionGuid = {2288AAF5-ACB8-4EA7-AF7D-7D99385243E1}
	EndGlobalSection
EndGlobal
