<?xml version="1.0" encoding="utf-8"?>
<Project ToolsVersion="4.0" xmlns="http://schemas.microsoft.com/developer/msbuild/2003">
  <ItemGroup>
    <Filter Include="源文件">
      <UniqueIdentifier>{4FC737F1-C7A5-4376-A066-2A32D752A2FF}</UniqueIdentifier>
      <Extensions>cpp;c;cc;cxx;def;odl;idl;hpj;bat;asm;asmx</Extensions>
    </Filter>
    <Filter Include="头文件">
      <UniqueIdentifier>{93995380-89BD-4b04-88EB-625FBE52EBFB}</UniqueIdentifier>
      <Extensions>h;hpp;hxx;hm;inl;inc;xsd</Extensions>
    </Filter>
    <Filter Include="资源文件">
      <UniqueIdentifier>{67DA6AB6-F800-4c08-8B7A-83BB121AAD01}</UniqueIdentifier>
      <Extensions>rc;ico;cur;bmp;dlg;rc2;rct;bin;rgs;gif;jpg;jpeg;jpe;resx;tiff;tif;png;wav</Extensions>
    </Filter>
    <Filter Include="Audio">
      <UniqueIdentifier>{eeb531d1-8d1c-47ca-b237-1f7467a3605f}</UniqueIdentifier>
    </Filter>
    <Filter Include="fftreal">
      <UniqueIdentifier>{91378c9d-af4e-4773-a566-8be5d3a7b2f9}</UniqueIdentifier>
    </Filter>
    <Filter Include="spectrum">
      <UniqueIdentifier>{c974a9ac-0432-4600-98b3-6e4fb10a9ca9}</UniqueIdentifier>
    </Filter>
    <Filter Include="Engine">
      <UniqueIdentifier>{55f67f1e-fc6e-4c47-848c-06811e3a8dfb}</UniqueIdentifier>
    </Filter>
    <Filter Include="kbase">
      <UniqueIdentifier>{6723ad6a-8e92-4c81-9540-8fa53147e6e5}</UniqueIdentifier>
    </Filter>
  </ItemGroup>
  <ItemGroup>
    <ClCompile Include="shaderdemo.cpp">
      <Filter>源文件</Filter>
    </ClCompile>
    <ClCompile Include="LearnGL.cpp">
      <Filter>源文件</Filter>
    </ClCompile>
    <ClCompile Include="stdafx.cpp">
      <Filter>源文件</Filter>
    </ClCompile>
    <ClCompile Include="..\glad\src\glad.c">
      <Filter>源文件</Filter>
    </ClCompile>
    <ClCompile Include="geometry.cpp">
      <Filter>源文件</Filter>
    </ClCompile>
    <ClCompile Include="Audio\AudioManager.cpp">
      <Filter>Audio</Filter>
    </ClCompile>
    <ClCompile Include="Audio\AudioRender.cpp">
      <Filter>Audio</Filter>
    </ClCompile>
    <ClCompile Include="Audio\PlaybackAudioCapture.cpp">
      <Filter>Audio</Filter>
    </ClCompile>
    <ClCompile Include="Audio\TimeCostDebug.cpp">
      <Filter>Audio</Filter>
    </ClCompile>
    <ClCompile Include="Audio\AudioRecord.cpp">
      <Filter>Audio</Filter>
    </ClCompile>
    <ClCompile Include="fftreal\fftreal_wrapper.cpp">
      <Filter>fftreal</Filter>
    </ClCompile>
    <ClCompile Include="spectrum\spectrumanalyser.cpp">
      <Filter>spectrum</Filter>
    </ClCompile>
    <ClCompile Include="spectrum\frequencyspectrum.cpp">
      <Filter>spectrum</Filter>
    </ClCompile>
    <ClCompile Include="spectrum\utils.cpp">
      <Filter>spectrum</Filter>
    </ClCompile>
    <ClCompile Include="Engine\SpectrumEngine.cpp">
      <Filter>Engine</Filter>
    </ClCompile>
    <ClCompile Include="Engine\Spectrum.cpp">
      <Filter>Engine</Filter>
    </ClCompile>
    <ClCompile Include="Engine\LinearSpectrum.cpp">
      <Filter>Engine</Filter>
    </ClCompile>
    <ClCompile Include="Engine\SpectrumVisualizer.cpp">
      <Filter>Engine</Filter>
    </ClCompile>
  </ItemGroup>
  <ItemGroup>
    <ClInclude Include="LearnGL.h">
      <Filter>头文件</Filter>
    </ClInclude>
    <ClInclude Include="Resource.h">
      <Filter>头文件</Filter>
    </ClInclude>
    <ClInclude Include="stdafx.h">
      <Filter>头文件</Filter>
    </ClInclude>
    <ClInclude Include="Audio\AudioManager.h">
      <Filter>Audio</Filter>
    </ClInclude>
    <ClInclude Include="Audio\AudioRender.h">
      <Filter>Audio</Filter>
    </ClInclude>
    <ClInclude Include="Audio\PlaybackAudioCapture.h">
      <Filter>Audio</Filter>
    </ClInclude>
    <ClInclude Include="Audio\TimeCostDebug.h">
      <Filter>Audio</Filter>
    </ClInclude>
    <ClInclude Include="Audio\ClassRegister.h">
      <Filter>Audio</Filter>
    </ClInclude>
    <ClInclude Include="Audio\AudioRecord.h">
      <Filter>Audio</Filter>
    </ClInclude>
    <ClInclude Include="fftreal\Array.h">
      <Filter>fftreal</Filter>
    </ClInclude>
    <ClInclude Include="fftreal\Array.hpp">
      <Filter>fftreal</Filter>
    </ClInclude>
    <ClInclude Include="fftreal\def.h">
      <Filter>fftreal</Filter>
    </ClInclude>
    <ClInclude Include="fftreal\DynArray.h">
      <Filter>fftreal</Filter>
    </ClInclude>
    <ClInclude Include="fftreal\DynArray.hpp">
      <Filter>fftreal</Filter>
    </ClInclude>
    <ClInclude Include="fftreal\FFTReal.h">
      <Filter>fftreal</Filter>
    </ClInclude>
    <ClInclude Include="fftreal\FFTReal.hpp">
      <Filter>fftreal</Filter>
    </ClInclude>
    <ClInclude Include="fftreal\FFTRealFixLen.h">
      <Filter>fftreal</Filter>
    </ClInclude>
    <ClInclude Include="fftreal\FFTRealFixLen.hpp">
      <Filter>fftreal</Filter>
    </ClInclude>
    <ClInclude Include="fftreal\FFTRealFixLenParam.h">
      <Filter>fftreal</Filter>
    </ClInclude>
    <ClInclude Include="fftreal\FFTRealPassDirect.h">
      <Filter>fftreal</Filter>
    </ClInclude>
    <ClInclude Include="fftreal\FFTRealPassDirect.hpp">
      <Filter>fftreal</Filter>
    </ClInclude>
    <ClInclude Include="fftreal\FFTRealPassInverse.h">
      <Filter>fftreal</Filter>
    </ClInclude>
    <ClInclude Include="fftreal\FFTRealPassInverse.hpp">
      <Filter>fftreal</Filter>
    </ClInclude>
    <ClInclude Include="fftreal\FFTRealSelect.h">
      <Filter>fftreal</Filter>
    </ClInclude>
    <ClInclude Include="fftreal\FFTRealSelect.hpp">
      <Filter>fftreal</Filter>
    </ClInclude>
    <ClInclude Include="fftreal\FFTRealUseTrigo.h">
      <Filter>fftreal</Filter>
    </ClInclude>
    <ClInclude Include="fftreal\FFTRealUseTrigo.hpp">
      <Filter>fftreal</Filter>
    </ClInclude>
    <ClInclude Include="fftreal\OscSinCos.h">
      <Filter>fftreal</Filter>
    </ClInclude>
    <ClInclude Include="fftreal\OscSinCos.hpp">
      <Filter>fftreal</Filter>
    </ClInclude>
    <ClInclude Include="fftreal\fftreal_wrapper.h">
      <Filter>fftreal</Filter>
    </ClInclude>
    <ClInclude Include="spectrum\spectrum.h">
      <Filter>spectrum</Filter>
    </ClInclude>
    <ClInclude Include="spectrum\spectrumanalyser.h">
      <Filter>spectrum</Filter>
    </ClInclude>
    <ClInclude Include="spectrum\frequencyspectrum.h">
      <Filter>spectrum</Filter>
    </ClInclude>
    <ClInclude Include="spectrum\utils.h">
      <Filter>spectrum</Filter>
    </ClInclude>
    <ClInclude Include="spectrum\fakeqt.h">
      <Filter>spectrum</Filter>
    </ClInclude>
    <ClInclude Include="spectrum\qmath.h">
      <Filter>spectrum</Filter>
    </ClInclude>
    <ClInclude Include="kbase\locker.h">
      <Filter>kbase</Filter>
    </ClInclude>
    <ClInclude Include="kbase\thread.h">
      <Filter>kbase</Filter>
    </ClInclude>
    <ClInclude Include="Engine\SpectrumEngine.h">
      <Filter>Engine</Filter>
    </ClInclude>
    <ClInclude Include="Engine\Spectrum.h">
      <Filter>Engine</Filter>
    </ClInclude>
    <ClInclude Include="Engine\LinearSpectrum.h">
      <Filter>Engine</Filter>
    </ClInclude>
  </ItemGroup>
  <ItemGroup>
    <Image Include="LearnGL.ico">
      <Filter>资源文件</Filter>
    </Image>
    <Image Include="small.ico">
      <Filter>资源文件</Filter>
    </Image>
  </ItemGroup>
  <ItemGroup>
    <ResourceCompile Include="LearnGL.rc">
      <Filter>资源文件</Filter>
    </ResourceCompile>
  </ItemGroup>
  <ItemGroup>
    <Text Include="ReadMe.txt" />
  </ItemGroup>
</Project>