
Microsoft Visual Studio Solution File, Format Version 12.00
# Visual Studio Version 16
VisualStudioVersion = 16.0.30523.141
MinimumVisualStudioVersion = 10.0.40219.1
Project("{8BC9CEB8-8B4A-11D0-8D11-00A0C91BC942}") = "lanczos", "lanczos.vcxproj", "{AE940461-583A-4C1B-8638-5BA1585CBB5F}"
EndProject
Global
	GlobalSection(SolutionConfigurationPlatforms) = preSolution
		Debug|x64 = Debug|x64
		Release|x64 = Release|x64
	EndGlobalSection
	GlobalSection(ProjectConfigurationPlatforms) = postSolution
		{AE940461-583A-4C1B-8638-5BA1585CBB5F}.Debug|x64.ActiveCfg = Debug|x64
		{AE940461-583A-4C1B-8638-5BA1585CBB5F}.Debug|x64.Build.0 = Debug|x64
		{AE940461-583A-4C1B-8638-5BA1585CBB5F}.Release|x64.ActiveCfg = Release|x64
		{AE940461-583A-4C1B-8638-5BA1585CBB5F}.Release|x64.Build.0 = Release|x64
	EndGlobalSection
	GlobalSection(SolutionProperties) = preSolution
		HideSolutionNode = FALSE
	EndGlobalSection
	GlobalSection(ExtensibilityGlobals) = postSolution
		SolutionGuid = {BA4A2A40-5E51-4776-88CE-56B0459EB788}
	EndGlobalSection
EndGlobal
